
Microsoft Visual Studio Solution File, Format Version 12.00
# Visual Studio Version 17
VisualStudioVersion = 17.7.34031.279
MinimumVisualStudioVersion = 10.0.40219.1
Project("{FAE04EC0-301F-11D3-BF4B-00C04F79EFBC}") = "NWSAnalysis.Server", "NWSAnalysis\Server\NWSAnalysis.Server.csproj", "{477B8E09-51FB-42A1-B30D-4252762B797C}"
EndProject
Project("{FAE04EC0-301F-11D3-BF4B-00C04F79EFBC}") = "NWSAnalysis.Client", "NWSAnalysis\Client\NWSAnalysis.Client.csproj", "{5CE17A62-5FA3-4039-A3E3-322DE85A5061}"
EndProject
Project("{FAE04EC0-301F-11D3-BF4B-00C04F79EFBC}") = "NWSAnalysis.Shared", "NWSAnalysis\Shared\NWSAnalysis.Shared.csproj", "{138226CF-0498-4298-B848-FF2AB7E2C0B8}"
EndProject
Global
	GlobalSection(SolutionConfigurationPlatforms) = preSolution
		Debug|Any CPU = Debug|Any CPU
		Release|Any CPU = Release|Any CPU
	EndGlobalSection
	GlobalSection(ProjectConfigurationPlatforms) = postSolution
		{477B8E09-51FB-42A1-B30D-4252762B797C}.Debug|Any CPU.ActiveCfg = Debug|Any CPU
		{477B8E09-51FB-42A1-B30D-4252762B797C}.Debug|Any CPU.Build.0 = Debug|Any CPU
		{477B8E09-51FB-42A1-B30D-4252762B797C}.Release|Any CPU.ActiveCfg = Release|Any CPU
		{477B8E09-51FB-42A1-B30D-4252762B797C}.Release|Any CPU.Build.0 = Release|Any CPU
		{5CE17A62-5FA3-4039-A3E3-322DE85A5061}.Debug|Any CPU.ActiveCfg = Debug|Any CPU
		{5CE17A62-5FA3-4039-A3E3-322DE85A5061}.Debug|Any CPU.Build.0 = Debug|Any CPU
		{5CE17A62-5FA3-4039-A3E3-322DE85A5061}.Release|Any CPU.ActiveCfg = Release|Any CPU
		{5CE17A62-5FA3-4039-A3E3-322DE85A5061}.Release|Any CPU.Build.0 = Release|Any CPU
		{138226CF-0498-4298-B848-FF2AB7E2C0B8}.Debug|Any CPU.ActiveCfg = Debug|Any CPU
		{138226CF-0498-4298-B848-FF2AB7E2C0B8}.Debug|Any CPU.Build.0 = Debug|Any CPU
		{138226CF-0498-4298-B848-FF2AB7E2C0B8}.Release|Any CPU.ActiveCfg = Release|Any CPU
		{138226CF-0498-4298-B848-FF2AB7E2C0B8}.Release|Any CPU.Build.0 = Release|Any CPU
	EndGlobalSection
	GlobalSection(SolutionProperties) = preSolution
		HideSolutionNode = FALSE
	EndGlobalSection
	GlobalSection(ExtensibilityGlobals) = postSolution
		SolutionGuid = {34290BF9-C6EE-46B8-9BDD-B6FD1C6EB1CE}
	EndGlobalSection
EndGlobal
